// !$*UTF8*$!
{
	archiveVersion = 1;
	classes = {
	};
	objectVersion = 46;
	objects = {

/* Begin PBXBuildFile section */
		53EB43D6BC0993CC658D8F79 /* Pods_MyWebTests.framework in Frameworks */ = {isa = PBXBuildFile; fileRef = 470C9FA7F281C8EF0962C096 /* Pods_MyWebTests.framework */; };
		632580FA1F2D44BF004DC4F9 /* JCGraphLine.swift in Sources */ = {isa = PBXBuildFile; fileRef = 632580F91F2D44BF004DC4F9 /* JCGraphLine.swift */; };
		632580FC1F2E9A23004DC4F9 /* ImageCell.swift in Sources */ = {isa = PBXBuildFile; fileRef = 632580FB1F2E9A23004DC4F9 /* ImageCell.swift */; };
		633A18D11F11A20100008D5A /* AppDelegate.swift in Sources */ = {isa = PBXBuildFile; fileRef = 633A18D01F11A20100008D5A /* AppDelegate.swift */; };
		633A18D31F11A20100008D5A /* LoginViewController.swift in Sources */ = {isa = PBXBuildFile; fileRef = 633A18D21F11A20100008D5A /* LoginViewController.swift */; };
		633A18D61F11A20100008D5A /* Main.storyboard in Resources */ = {isa = PBXBuildFile; fileRef = 633A18D41F11A20100008D5A /* Main.storyboard */; };
		633A18D81F11A20100008D5A /* Assets.xcassets in Resources */ = {isa = PBXBuildFile; fileRef = 633A18D71F11A20100008D5A /* Assets.xcassets */; };
		633A18DB1F11A20100008D5A /* LaunchScreen.storyboard in Resources */ = {isa = PBXBuildFile; fileRef = 633A18D91F11A20100008D5A /* LaunchScreen.storyboard */; };
		633A18E61F11A20100008D5A /* MyWebTests.swift in Sources */ = {isa = PBXBuildFile; fileRef = 633A18E51F11A20100008D5A /* MyWebTests.swift */; };
		633A18F11F11A20100008D5A /* MyWebUITests.swift in Sources */ = {isa = PBXBuildFile; fileRef = 633A18F01F11A20100008D5A /* MyWebUITests.swift */; };
		633A18FF1F11A2F700008D5A /* NetworkViewController.swift in Sources */ = {isa = PBXBuildFile; fileRef = 633A18FE1F11A2F700008D5A /* NetworkViewController.swift */; };
		633A193B1F12907700008D5A /* SceneKit.framework in Frameworks */ = {isa = PBXBuildFile; fileRef = 633A193A1F12907700008D5A /* SceneKit.framework */; };
		633A193D1F129F3F00008D5A /* JCGraphMaker.swift in Sources */ = {isa = PBXBuildFile; fileRef = 633A193C1F129F3F00008D5A /* JCGraphMaker.swift */; };
		633A193F1F129F5000008D5A /* JCGraphNode.swift in Sources */ = {isa = PBXBuildFile; fileRef = 633A193E1F129F5000008D5A /* JCGraphNode.swift */; };
		633A19431F12A06900008D5A /* JCGraph.swift in Sources */ = {isa = PBXBuildFile; fileRef = 633A19421F12A06900008D5A /* JCGraph.swift */; };
		63961D421F364A7E00068FA5 /* Extensions.swift in Sources */ = {isa = PBXBuildFile; fileRef = 63961D411F364A7E00068FA5 /* Extensions.swift */; };
		63B9980D1F23D08F00AAF2F2 /* FacebookHandler.swift in Sources */ = {isa = PBXBuildFile; fileRef = 63B9980C1F23D08F00AAF2F2 /* FacebookHandler.swift */; };
		B53FFF7504CC1CB585AE8323 /* Pods_MyWebUITests.framework in Frameworks */ = {isa = PBXBuildFile; fileRef = 9577A7C060FE4E280CA270A8 /* Pods_MyWebUITests.framework */; };
		E22EEE35D0D7AF0726D7107E /* Pods_MyWeb.framework in Frameworks */ = {isa = PBXBuildFile; fileRef = 3D91DD4D22C04C6B36B44ADA /* Pods_MyWeb.framework */; };
/* End PBXBuildFile section */

/* Begin PBXContainerItemProxy section */
		633A18E21F11A20100008D5A /* PBXContainerItemProxy */ = {
			isa = PBXContainerItemProxy;
			containerPortal = 633A18C51F11A20100008D5A /* Project object */;
			proxyType = 1;
			remoteGlobalIDString = 633A18CC1F11A20100008D5A;
			remoteInfo = MyWeb;
		};
		633A18ED1F11A20100008D5A /* PBXContainerItemProxy */ = {
			isa = PBXContainerItemProxy;
			containerPortal = 633A18C51F11A20100008D5A /* Project object */;
			proxyType = 1;
			remoteGlobalIDString = 633A18CC1F11A20100008D5A;
			remoteInfo = MyWeb;
		};
/* End PBXContainerItemProxy section */

/* Begin PBXFileReference section */
		2143DED66DEC4B1D1CA14457 /* Pods-MyWebTests.release.xcconfig */ = {isa = PBXFileReference; includeInIndex = 1; lastKnownFileType = text.xcconfig; name = "Pods-MyWebTests.release.xcconfig"; path = "Pods/Target Support Files/Pods-MyWebTests/Pods-MyWebTests.release.xcconfig"; sourceTree = "<group>"; };
		382E6ED3E99491118A3E3988 /* Pods-MyWebUITests.debug.xcconfig */ = {isa = PBXFileReference; includeInIndex = 1; lastKnownFileType = text.xcconfig; name = "Pods-MyWebUITests.debug.xcconfig"; path = "Pods/Target Support Files/Pods-MyWebUITests/Pods-MyWebUITests.debug.xcconfig"; sourceTree = "<group>"; };
		3D91DD4D22C04C6B36B44ADA /* Pods_MyWeb.framework */ = {isa = PBXFileReference; explicitFileType = wrapper.framework; includeInIndex = 0; path = Pods_MyWeb.framework; sourceTree = BUILT_PRODUCTS_DIR; };
		470C9FA7F281C8EF0962C096 /* Pods_MyWebTests.framework */ = {isa = PBXFileReference; explicitFileType = wrapper.framework; includeInIndex = 0; path = Pods_MyWebTests.framework; sourceTree = BUILT_PRODUCTS_DIR; };
		632580F91F2D44BF004DC4F9 /* JCGraphLine.swift */ = {isa = PBXFileReference; fileEncoding = 4; lastKnownFileType = sourcecode.swift; path = JCGraphLine.swift; sourceTree = "<group>"; };
		632580FB1F2E9A23004DC4F9 /* ImageCell.swift */ = {isa = PBXFileReference; fileEncoding = 4; lastKnownFileType = sourcecode.swift; path = ImageCell.swift; sourceTree = "<group>"; };
		633A18CD1F11A20100008D5A /* MyWeb.app */ = {isa = PBXFileReference; explicitFileType = wrapper.application; includeInIndex = 0; path = MyWeb.app; sourceTree = BUILT_PRODUCTS_DIR; };
		633A18D01F11A20100008D5A /* AppDelegate.swift */ = {isa = PBXFileReference; lastKnownFileType = sourcecode.swift; path = AppDelegate.swift; sourceTree = "<group>"; };
		633A18D21F11A20100008D5A /* LoginViewController.swift */ = {isa = PBXFileReference; lastKnownFileType = sourcecode.swift; path = LoginViewController.swift; sourceTree = "<group>"; };
		633A18D51F11A20100008D5A /* Base */ = {isa = PBXFileReference; lastKnownFileType = file.storyboard; name = Base; path = Base.lproj/Main.storyboard; sourceTree = "<group>"; };
		633A18D71F11A20100008D5A /* Assets.xcassets */ = {isa = PBXFileReference; lastKnownFileType = folder.assetcatalog; path = Assets.xcassets; sourceTree = "<group>"; };
		633A18DA1F11A20100008D5A /* Base */ = {isa = PBXFileReference; lastKnownFileType = file.storyboard; name = Base; path = Base.lproj/LaunchScreen.storyboard; sourceTree = "<group>"; };
		633A18DC1F11A20100008D5A /* Info.plist */ = {isa = PBXFileReference; lastKnownFileType = text.plist.xml; path = Info.plist; sourceTree = "<group>"; };
		633A18E11F11A20100008D5A /* MyWebTests.xctest */ = {isa = PBXFileReference; explicitFileType = wrapper.cfbundle; includeInIndex = 0; path = MyWebTests.xctest; sourceTree = BUILT_PRODUCTS_DIR; };
		633A18E51F11A20100008D5A /* MyWebTests.swift */ = {isa = PBXFileReference; lastKnownFileType = sourcecode.swift; path = MyWebTests.swift; sourceTree = "<group>"; };
		633A18E71F11A20100008D5A /* Info.plist */ = {isa = PBXFileReference; lastKnownFileType = text.plist.xml; path = Info.plist; sourceTree = "<group>"; };
		633A18EC1F11A20100008D5A /* MyWebUITests.xctest */ = {isa = PBXFileReference; explicitFileType = wrapper.cfbundle; includeInIndex = 0; path = MyWebUITests.xctest; sourceTree = BUILT_PRODUCTS_DIR; };
		633A18F01F11A20100008D5A /* MyWebUITests.swift */ = {isa = PBXFileReference; lastKnownFileType = sourcecode.swift; path = MyWebUITests.swift; sourceTree = "<group>"; };
		633A18F21F11A20100008D5A /* Info.plist */ = {isa = PBXFileReference; lastKnownFileType = text.plist.xml; path = Info.plist; sourceTree = "<group>"; };
		633A18FE1F11A2F700008D5A /* NetworkViewController.swift */ = {isa = PBXFileReference; fileEncoding = 4; lastKnownFileType = sourcecode.swift; path = NetworkViewController.swift; sourceTree = "<group>"; };
		633A193A1F12907700008D5A /* SceneKit.framework */ = {isa = PBXFileReference; lastKnownFileType = wrapper.framework; name = SceneKit.framework; path = System/Library/Frameworks/SceneKit.framework; sourceTree = SDKROOT; };
		633A193C1F129F3F00008D5A /* JCGraphMaker.swift */ = {isa = PBXFileReference; fileEncoding = 4; lastKnownFileType = sourcecode.swift; path = JCGraphMaker.swift; sourceTree = "<group>"; };
		633A193E1F129F5000008D5A /* JCGraphNode.swift */ = {isa = PBXFileReference; fileEncoding = 4; lastKnownFileType = sourcecode.swift; path = JCGraphNode.swift; sourceTree = "<group>"; };
		633A19421F12A06900008D5A /* JCGraph.swift */ = {isa = PBXFileReference; fileEncoding = 4; lastKnownFileType = sourcecode.swift; path = JCGraph.swift; sourceTree = "<group>"; };
		63961D411F364A7E00068FA5 /* Extensions.swift */ = {isa = PBXFileReference; fileEncoding = 4; lastKnownFileType = sourcecode.swift; path = Extensions.swift; sourceTree = "<group>"; };
		63B9980C1F23D08F00AAF2F2 /* FacebookHandler.swift */ = {isa = PBXFileReference; fileEncoding = 4; lastKnownFileType = sourcecode.swift; path = FacebookHandler.swift; sourceTree = "<group>"; };
		73F81DB86FC3A1F32CD73535 /* Pods-MyWebUITests.release.xcconfig */ = {isa = PBXFileReference; includeInIndex = 1; lastKnownFileType = text.xcconfig; name = "Pods-MyWebUITests.release.xcconfig"; path = "Pods/Target Support Files/Pods-MyWebUITests/Pods-MyWebUITests.release.xcconfig"; sourceTree = "<group>"; };
		9577A7C060FE4E280CA270A8 /* Pods_MyWebUITests.framework */ = {isa = PBXFileReference; explicitFileType = wrapper.framework; includeInIndex = 0; path = Pods_MyWebUITests.framework; sourceTree = BUILT_PRODUCTS_DIR; };
		9E0F4CE2BE720A9CC836E8AE /* Pods-MyWeb.release.xcconfig */ = {isa = PBXFileReference; includeInIndex = 1; lastKnownFileType = text.xcconfig; name = "Pods-MyWeb.release.xcconfig"; path = "Pods/Target Support Files/Pods-MyWeb/Pods-MyWeb.release.xcconfig"; sourceTree = "<group>"; };
		A1FD5F0FD0EF1A156C29C3AE /* Pods-MyWebTests.debug.xcconfig */ = {isa = PBXFileReference; includeInIndex = 1; lastKnownFileType = text.xcconfig; name = "Pods-MyWebTests.debug.xcconfig"; path = "Pods/Target Support Files/Pods-MyWebTests/Pods-MyWebTests.debug.xcconfig"; sourceTree = "<group>"; };
		C837F97E980DA731D2696752 /* Pods-MyWeb.debug.xcconfig */ = {isa = PBXFileReference; includeInIndex = 1; lastKnownFileType = text.xcconfig; name = "Pods-MyWeb.debug.xcconfig"; path = "Pods/Target Support Files/Pods-MyWeb/Pods-MyWeb.debug.xcconfig"; sourceTree = "<group>"; };
/* End PBXFileReference section */

/* Begin PBXFrameworksBuildPhase section */
		633A18CA1F11A20100008D5A /* Frameworks */ = {
			isa = PBXFrameworksBuildPhase;
			buildActionMask = 2147483647;
			files = (
				633A193B1F12907700008D5A /* SceneKit.framework in Frameworks */,
				E22EEE35D0D7AF0726D7107E /* Pods_MyWeb.framework in Frameworks */,
			);
			runOnlyForDeploymentPostprocessing = 0;
		};
		633A18DE1F11A20100008D5A /* Frameworks */ = {
			isa = PBXFrameworksBuildPhase;
			buildActionMask = 2147483647;
			files = (
				53EB43D6BC0993CC658D8F79 /* Pods_MyWebTests.framework in Frameworks */,
			);
			runOnlyForDeploymentPostprocessing = 0;
		};
		633A18E91F11A20100008D5A /* Frameworks */ = {
			isa = PBXFrameworksBuildPhase;
			buildActionMask = 2147483647;
			files = (
				B53FFF7504CC1CB585AE8323 /* Pods_MyWebUITests.framework in Frameworks */,
			);
			runOnlyForDeploymentPostprocessing = 0;
		};
/* End PBXFrameworksBuildPhase section */

/* Begin PBXGroup section */
		633A18C41F11A20100008D5A = {
			isa = PBXGroup;
			children = (
				633A18CF1F11A20100008D5A /* MyWeb */,
				633A18E41F11A20100008D5A /* MyWebTests */,
				633A18EF1F11A20100008D5A /* MyWebUITests */,
				633A18CE1F11A20100008D5A /* Products */,
				7813FCC17DD5C107D77C8222 /* Frameworks */,
				FE88AFD5E8927D192430A263 /* Pods */,
			);
			sourceTree = "<group>";
		};
		633A18CE1F11A20100008D5A /* Products */ = {
			isa = PBXGroup;
			children = (
				633A18CD1F11A20100008D5A /* MyWeb.app */,
				633A18E11F11A20100008D5A /* MyWebTests.xctest */,
				633A18EC1F11A20100008D5A /* MyWebUITests.xctest */,
			);
			name = Products;
			sourceTree = "<group>";
		};
		633A18CF1F11A20100008D5A /* MyWeb */ = {
			isa = PBXGroup;
			children = (
				633A18D01F11A20100008D5A /* AppDelegate.swift */,
				633A18D21F11A20100008D5A /* LoginViewController.swift */,
				633A18FE1F11A2F700008D5A /* NetworkViewController.swift */,
				63B9980C1F23D08F00AAF2F2 /* FacebookHandler.swift */,
				633A18D41F11A20100008D5A /* Main.storyboard */,
				632580FB1F2E9A23004DC4F9 /* ImageCell.swift */,
				633A193C1F129F3F00008D5A /* JCGraphMaker.swift */,
				633A193E1F129F5000008D5A /* JCGraphNode.swift */,
				633A19421F12A06900008D5A /* JCGraph.swift */,
				632580F91F2D44BF004DC4F9 /* JCGraphLine.swift */,
				633A18D71F11A20100008D5A /* Assets.xcassets */,
				633A18D91F11A20100008D5A /* LaunchScreen.storyboard */,
				633A18DC1F11A20100008D5A /* Info.plist */,
				63961D411F364A7E00068FA5 /* Extensions.swift */,
			);
			path = MyWeb;
			sourceTree = "<group>";
		};
		633A18E41F11A20100008D5A /* MyWebTests */ = {
			isa = PBXGroup;
			children = (
				633A18E51F11A20100008D5A /* MyWebTests.swift */,
				633A18E71F11A20100008D5A /* Info.plist */,
			);
			path = MyWebTests;
			sourceTree = "<group>";
		};
		633A18EF1F11A20100008D5A /* MyWebUITests */ = {
			isa = PBXGroup;
			children = (
				633A18F01F11A20100008D5A /* MyWebUITests.swift */,
				633A18F21F11A20100008D5A /* Info.plist */,
			);
			path = MyWebUITests;
			sourceTree = "<group>";
		};
		7813FCC17DD5C107D77C8222 /* Frameworks */ = {
			isa = PBXGroup;
			children = (
				633A193A1F12907700008D5A /* SceneKit.framework */,
				3D91DD4D22C04C6B36B44ADA /* Pods_MyWeb.framework */,
				470C9FA7F281C8EF0962C096 /* Pods_MyWebTests.framework */,
				9577A7C060FE4E280CA270A8 /* Pods_MyWebUITests.framework */,
			);
			name = Frameworks;
			sourceTree = "<group>";
		};
		FE88AFD5E8927D192430A263 /* Pods */ = {
			isa = PBXGroup;
			children = (
				C837F97E980DA731D2696752 /* Pods-MyWeb.debug.xcconfig */,
				9E0F4CE2BE720A9CC836E8AE /* Pods-MyWeb.release.xcconfig */,
				A1FD5F0FD0EF1A156C29C3AE /* Pods-MyWebTests.debug.xcconfig */,
				2143DED66DEC4B1D1CA14457 /* Pods-MyWebTests.release.xcconfig */,
				382E6ED3E99491118A3E3988 /* Pods-MyWebUITests.debug.xcconfig */,
				73F81DB86FC3A1F32CD73535 /* Pods-MyWebUITests.release.xcconfig */,
			);
			name = Pods;
			sourceTree = "<group>";
		};
/* End PBXGroup section */

/* Begin PBXNativeTarget section */
		633A18CC1F11A20100008D5A /* MyWeb */ = {
			isa = PBXNativeTarget;
			buildConfigurationList = 633A18F51F11A20100008D5A /* Build configuration list for PBXNativeTarget "MyWeb" */;
			buildPhases = (
				F7C834381188B4AF522D09A1 /* [CP] Check Pods Manifest.lock */,
				633A18C91F11A20100008D5A /* Sources */,
				633A18CA1F11A20100008D5A /* Frameworks */,
				633A18CB1F11A20100008D5A /* Resources */,
				A15F70936CAE199CD3E35EA2 /* [CP] Embed Pods Frameworks */,
				62BD2A943481A94DB9C2D5BC /* [CP] Copy Pods Resources */,
			);
			buildRules = (
			);
			dependencies = (
			);
			name = MyWeb;
			productName = MyWeb;
			productReference = 633A18CD1F11A20100008D5A /* MyWeb.app */;
			productType = "com.apple.product-type.application";
		};
		633A18E01F11A20100008D5A /* MyWebTests */ = {
			isa = PBXNativeTarget;
			buildConfigurationList = 633A18F81F11A20100008D5A /* Build configuration list for PBXNativeTarget "MyWebTests" */;
			buildPhases = (
				689AC6F62B2AF6081701A35A /* [CP] Check Pods Manifest.lock */,
				633A18DD1F11A20100008D5A /* Sources */,
				633A18DE1F11A20100008D5A /* Frameworks */,
				633A18DF1F11A20100008D5A /* Resources */,
				9DF56D727616EBE1872AE0D4 /* [CP] Embed Pods Frameworks */,
				19F82E15BE1F6AEB84F55700 /* [CP] Copy Pods Resources */,
			);
			buildRules = (
			);
			dependencies = (
				633A18E31F11A20100008D5A /* PBXTargetDependency */,
			);
			name = MyWebTests;
			productName = MyWebTests;
			productReference = 633A18E11F11A20100008D5A /* MyWebTests.xctest */;
			productType = "com.apple.product-type.bundle.unit-test";
		};
		633A18EB1F11A20100008D5A /* MyWebUITests */ = {
			isa = PBXNativeTarget;
			buildConfigurationList = 633A18FB1F11A20100008D5A /* Build configuration list for PBXNativeTarget "MyWebUITests" */;
			buildPhases = (
				E491C4D0D5C64690A0174B20 /* [CP] Check Pods Manifest.lock */,
				633A18E81F11A20100008D5A /* Sources */,
				633A18E91F11A20100008D5A /* Frameworks */,
				633A18EA1F11A20100008D5A /* Resources */,
				7EBFBEFC23FF17EA72928A3F /* [CP] Embed Pods Frameworks */,
				94B349C46783BED6FEA92B7D /* [CP] Copy Pods Resources */,
			);
			buildRules = (
			);
			dependencies = (
				633A18EE1F11A20100008D5A /* PBXTargetDependency */,
			);
			name = MyWebUITests;
			productName = MyWebUITests;
			productReference = 633A18EC1F11A20100008D5A /* MyWebUITests.xctest */;
			productType = "com.apple.product-type.bundle.ui-testing";
		};
/* End PBXNativeTarget section */

/* Begin PBXProject section */
		633A18C51F11A20100008D5A /* Project object */ = {
			isa = PBXProject;
			attributes = {
				LastSwiftUpdateCheck = 0830;
				LastUpgradeCheck = 0830;
				ORGANIZATIONNAME = "Jake Cronin";
				TargetAttributes = {
					633A18CC1F11A20100008D5A = {
						CreatedOnToolsVersion = 8.3.2;
						DevelopmentTeam = 3D642QE477;
						ProvisioningStyle = Automatic;
					};
					633A18E01F11A20100008D5A = {
						CreatedOnToolsVersion = 8.3.2;
						DevelopmentTeam = 3D642QE477;
						ProvisioningStyle = Automatic;
						TestTargetID = 633A18CC1F11A20100008D5A;
					};
					633A18EB1F11A20100008D5A = {
						CreatedOnToolsVersion = 8.3.2;
						DevelopmentTeam = 3D642QE477;
						ProvisioningStyle = Automatic;
						TestTargetID = 633A18CC1F11A20100008D5A;
					};
				};
			};
			buildConfigurationList = 633A18C81F11A20100008D5A /* Build configuration list for PBXProject "MyWeb" */;
			compatibilityVersion = "Xcode 3.2";
			developmentRegion = English;
			hasScannedForEncodings = 0;
			knownRegions = (
				en,
				Base,
			);
			mainGroup = 633A18C41F11A20100008D5A;
			productRefGroup = 633A18CE1F11A20100008D5A /* Products */;
			projectDirPath = "";
			projectRoot = "";
			targets = (
				633A18CC1F11A20100008D5A /* MyWeb */,
				633A18E01F11A20100008D5A /* MyWebTests */,
				633A18EB1F11A20100008D5A /* MyWebUITests */,
			);
		};
/* End PBXProject section */

/* Begin PBXResourcesBuildPhase section */
		633A18CB1F11A20100008D5A /* Resources */ = {
			isa = PBXResourcesBuildPhase;
			buildActionMask = 2147483647;
			files = (
				633A18DB1F11A20100008D5A /* LaunchScreen.storyboard in Resources */,
				633A18D81F11A20100008D5A /* Assets.xcassets in Resources */,
				633A18D61F11A20100008D5A /* Main.storyboard in Resources */,
			);
			runOnlyForDeploymentPostprocessing = 0;
		};
		633A18DF1F11A20100008D5A /* Resources */ = {
			isa = PBXResourcesBuildPhase;
			buildActionMask = 2147483647;
			files = (
			);
			runOnlyForDeploymentPostprocessing = 0;
		};
		633A18EA1F11A20100008D5A /* Resources */ = {
			isa = PBXResourcesBuildPhase;
			buildActionMask = 2147483647;
			files = (
			);
			runOnlyForDeploymentPostprocessing = 0;
		};
/* End PBXResourcesBuildPhase section */

/* Begin PBXShellScriptBuildPhase section */
		19F82E15BE1F6AEB84F55700 /* [CP] Copy Pods Resources */ = {
			isa = PBXShellScriptBuildPhase;
			buildActionMask = 2147483647;
			files = (
			);
			inputPaths = (
			);
			name = "[CP] Copy Pods Resources";
			outputPaths = (
			);
			runOnlyForDeploymentPostprocessing = 0;
			shellPath = /bin/sh;
			shellScript = "\"${SRCROOT}/Pods/Target Support Files/Pods-MyWebTests/Pods-MyWebTests-resources.sh\"\n";
			showEnvVarsInLog = 0;
		};
		62BD2A943481A94DB9C2D5BC /* [CP] Copy Pods Resources */ = {
			isa = PBXShellScriptBuildPhase;
			buildActionMask = 2147483647;
			files = (
			);
			inputPaths = (
			);
			name = "[CP] Copy Pods Resources";
			outputPaths = (
			);
			runOnlyForDeploymentPostprocessing = 0;
			shellPath = /bin/sh;
			shellScript = "\"${SRCROOT}/Pods/Target Support Files/Pods-MyWeb/Pods-MyWeb-resources.sh\"\n";
			showEnvVarsInLog = 0;
		};
		689AC6F62B2AF6081701A35A /* [CP] Check Pods Manifest.lock */ = {
			isa = PBXShellScriptBuildPhase;
			buildActionMask = 2147483647;
			files = (
			);
			inputPaths = (
			);
			name = "[CP] Check Pods Manifest.lock";
			outputPaths = (
			);
			runOnlyForDeploymentPostprocessing = 0;
			shellPath = /bin/sh;
			shellScript = "diff \"${PODS_PODFILE_DIR_PATH}/Podfile.lock\" \"${PODS_ROOT}/Manifest.lock\" > /dev/null\nif [ $? != 0 ] ; then\n    # print error to STDERR\n    echo \"error: The sandbox is not in sync with the Podfile.lock. Run 'pod install' or update your CocoaPods installation.\" >&2\n    exit 1\nfi\n";
			showEnvVarsInLog = 0;
		};
		7EBFBEFC23FF17EA72928A3F /* [CP] Embed Pods Frameworks */ = {
			isa = PBXShellScriptBuildPhase;
			buildActionMask = 2147483647;
			files = (
			);
			inputPaths = (
			);
			name = "[CP] Embed Pods Frameworks";
			outputPaths = (
			);
			runOnlyForDeploymentPostprocessing = 0;
			shellPath = /bin/sh;
			shellScript = "\"${SRCROOT}/Pods/Target Support Files/Pods-MyWebUITests/Pods-MyWebUITests-frameworks.sh\"\n";
			showEnvVarsInLog = 0;
		};
		94B349C46783BED6FEA92B7D /* [CP] Copy Pods Resources */ = {
			isa = PBXShellScriptBuildPhase;
			buildActionMask = 2147483647;
			files = (
			);
			inputPaths = (
			);
			name = "[CP] Copy Pods Resources";
			outputPaths = (
			);
			runOnlyForDeploymentPostprocessing = 0;
			shellPath = /bin/sh;
			shellScript = "\"${SRCROOT}/Pods/Target Support Files/Pods-MyWebUITests/Pods-MyWebUITests-resources.sh\"\n";
			showEnvVarsInLog = 0;
		};
		9DF56D727616EBE1872AE0D4 /* [CP] Embed Pods Frameworks */ = {
			isa = PBXShellScriptBuildPhase;
			buildActionMask = 2147483647;
			files = (
			);
			inputPaths = (
			);
			name = "[CP] Embed Pods Frameworks";
			outputPaths = (
			);
			runOnlyForDeploymentPostprocessing = 0;
			shellPath = /bin/sh;
			shellScript = "\"${SRCROOT}/Pods/Target Support Files/Pods-MyWebTests/Pods-MyWebTests-frameworks.sh\"\n";
			showEnvVarsInLog = 0;
		};
		A15F70936CAE199CD3E35EA2 /* [CP] Embed Pods Frameworks */ = {
			isa = PBXShellScriptBuildPhase;
			buildActionMask = 2147483647;
			files = (
			);
			inputPaths = (
			);
			name = "[CP] Embed Pods Frameworks";
			outputPaths = (
			);
			runOnlyForDeploymentPostprocessing = 0;
			shellPath = /bin/sh;
			shellScript = "\"${SRCROOT}/Pods/Target Support Files/Pods-MyWeb/Pods-MyWeb-frameworks.sh\"\n";
			showEnvVarsInLog = 0;
		};
		E491C4D0D5C64690A0174B20 /* [CP] Check Pods Manifest.lock */ = {
			isa = PBXShellScriptBuildPhase;
			buildActionMask = 2147483647;
			files = (
			);
			inputPaths = (
			);
			name = "[CP] Check Pods Manifest.lock";
			outputPaths = (
			);
			runOnlyForDeploymentPostprocessing = 0;
			shellPath = /bin/sh;
			shellScript = "diff \"${PODS_PODFILE_DIR_PATH}/Podfile.lock\" \"${PODS_ROOT}/Manifest.lock\" > /dev/null\nif [ $? != 0 ] ; then\n    # print error to STDERR\n    echo \"error: The sandbox is not in sync with the Podfile.lock. Run 'pod install' or update your CocoaPods installation.\" >&2\n    exit 1\nfi\n";
			showEnvVarsInLog = 0;
		};
		F7C834381188B4AF522D09A1 /* [CP] Check Pods Manifest.lock */ = {
			isa = PBXShellScriptBuildPhase;
			buildActionMask = 2147483647;
			files = (
			);
			inputPaths = (
			);
			name = "[CP] Check Pods Manifest.lock";
			outputPaths = (
			);
			runOnlyForDeploymentPostprocessing = 0;
			shellPath = /bin/sh;
			shellScript = "diff \"${PODS_PODFILE_DIR_PATH}/Podfile.lock\" \"${PODS_ROOT}/Manifest.lock\" > /dev/null\nif [ $? != 0 ] ; then\n    # print error to STDERR\n    echo \"error: The sandbox is not in sync with the Podfile.lock. Run 'pod install' or update your CocoaPods installation.\" >&2\n    exit 1\nfi\n";
			showEnvVarsInLog = 0;
		};
/* End PBXShellScriptBuildPhase section */

/* Begin PBXSourcesBuildPhase section */
		633A18C91F11A20100008D5A /* Sources */ = {
			isa = PBXSourcesBuildPhase;
			buildActionMask = 2147483647;
			files = (
				63B9980D1F23D08F00AAF2F2 /* FacebookHandler.swift in Sources */,
				633A193F1F129F5000008D5A /* JCGraphNode.swift in Sources */,
				632580FC1F2E9A23004DC4F9 /* ImageCell.swift in Sources */,
				633A18D31F11A20100008D5A /* LoginViewController.swift in Sources */,
				632580FA1F2D44BF004DC4F9 /* JCGraphLine.swift in Sources */,
				63961D421F364A7E00068FA5 /* Extensions.swift in Sources */,
				633A193D1F129F3F00008D5A /* JCGraphMaker.swift in Sources */,
				633A19431F12A06900008D5A /* JCGraph.swift in Sources */,
				633A18FF1F11A2F700008D5A /* NetworkViewController.swift in Sources */,
				633A18D11F11A20100008D5A /* AppDelegate.swift in Sources */,
			);
			runOnlyForDeploymentPostprocessing = 0;
		};
		633A18DD1F11A20100008D5A /* Sources */ = {
			isa = PBXSourcesBuildPhase;
			buildActionMask = 2147483647;
			files = (
				633A18E61F11A20100008D5A /* MyWebTests.swift in Sources */,
			);
			runOnlyForDeploymentPostprocessing = 0;
		};
		633A18E81F11A20100008D5A /* Sources */ = {
			isa = PBXSourcesBuildPhase;
			buildActionMask = 2147483647;
			files = (
				633A18F11F11A20100008D5A /* MyWebUITests.swift in Sources */,
			);
			runOnlyForDeploymentPostprocessing = 0;
		};
/* End PBXSourcesBuildPhase section */

/* Begin PBXTargetDependency section */
		633A18E31F11A20100008D5A /* PBXTargetDependency */ = {
			isa = PBXTargetDependency;
			target = 633A18CC1F11A20100008D5A /* MyWeb */;
			targetProxy = 633A18E21F11A20100008D5A /* PBXContainerItemProxy */;
		};
		633A18EE1F11A20100008D5A /* PBXTargetDependency */ = {
			isa = PBXTargetDependency;
			target = 633A18CC1F11A20100008D5A /* MyWeb */;
			targetProxy = 633A18ED1F11A20100008D5A /* PBXContainerItemProxy */;
		};
/* End PBXTargetDependency section */

/* Begin PBXVariantGroup section */
		633A18D41F11A20100008D5A /* Main.storyboard */ = {
			isa = PBXVariantGroup;
			children = (
				633A18D51F11A20100008D5A /* Base */,
			);
			name = Main.storyboard;
			sourceTree = "<group>";
		};
		633A18D91F11A20100008D5A /* LaunchScreen.storyboard */ = {
			isa = PBXVariantGroup;
			children = (
				633A18DA1F11A20100008D5A /* Base */,
			);
			name = LaunchScreen.storyboard;
			sourceTree = "<group>";
		};
/* End PBXVariantGroup section */

/* Begin XCBuildConfiguration section */
		633A18F31F11A20100008D5A /* Debug */ = {
			isa = XCBuildConfiguration;
			buildSettings = {
				ALWAYS_SEARCH_USER_PATHS = NO;
				CLANG_ANALYZER_NONNULL = YES;
				CLANG_ANALYZER_NUMBER_OBJECT_CONVERSION = YES_AGGRESSIVE;
				CLANG_CXX_LANGUAGE_STANDARD = "gnu++0x";
				CLANG_CXX_LIBRARY = "libc++";
				CLANG_ENABLE_MODULES = YES;
				CLANG_ENABLE_OBJC_ARC = YES;
				CLANG_WARN_BOOL_CONVERSION = YES;
				CLANG_WARN_CONSTANT_CONVERSION = YES;
				CLANG_WARN_DIRECT_OBJC_ISA_USAGE = YES_ERROR;
				CLANG_WARN_DOCUMENTATION_COMMENTS = YES;
				CLANG_WARN_EMPTY_BODY = YES;
				CLANG_WARN_ENUM_CONVERSION = YES;
				CLANG_WARN_INFINITE_RECURSION = YES;
				CLANG_WARN_INT_CONVERSION = YES;
				CLANG_WARN_OBJC_ROOT_CLASS = YES_ERROR;
				CLANG_WARN_SUSPICIOUS_MOVE = YES;
				CLANG_WARN_UNREACHABLE_CODE = YES;
				CLANG_WARN__DUPLICATE_METHOD_MATCH = YES;
				"CODE_SIGN_IDENTITY[sdk=iphoneos*]" = "iPhone Developer";
				COPY_PHASE_STRIP = NO;
				DEBUG_INFORMATION_FORMAT = dwarf;
				ENABLE_STRICT_OBJC_MSGSEND = YES;
				ENABLE_TESTABILITY = YES;
				GCC_C_LANGUAGE_STANDARD = gnu99;
				GCC_DYNAMIC_NO_PIC = NO;
				GCC_NO_COMMON_BLOCKS = YES;
				GCC_OPTIMIZATION_LEVEL = 0;
				GCC_PREPROCESSOR_DEFINITIONS = (
					"DEBUG=1",
					"$(inherited)",
				);
				GCC_WARN_64_TO_32_BIT_CONVERSION = YES;
				GCC_WARN_ABOUT_RETURN_TYPE = YES_ERROR;
				GCC_WARN_UNDECLARED_SELECTOR = YES;
				GCC_WARN_UNINITIALIZED_AUTOS = YES_AGGRESSIVE;
				GCC_WARN_UNUSED_FUNCTION = YES;
				GCC_WARN_UNUSED_VARIABLE = YES;
				IPHONEOS_DEPLOYMENT_TARGET = 10.3;
				MTL_ENABLE_DEBUG_INFO = YES;
				ONLY_ACTIVE_ARCH = YES;
				SDKROOT = iphoneos;
				SWIFT_ACTIVE_COMPILATION_CONDITIONS = DEBUG;
				SWIFT_OPTIMIZATION_LEVEL = "-Onone";
				TARGETED_DEVICE_FAMILY = "1,2";
			};
			name = Debug;
		};
		633A18F41F11A20100008D5A /* Release */ = {
			isa = XCBuildConfiguration;
			buildSettings = {
				ALWAYS_SEARCH_USER_PATHS = NO;
				CLANG_ANALYZER_NONNULL = YES;
				CLANG_ANALYZER_NUMBER_OBJECT_CONVERSION = YES_AGGRESSIVE;
				CLANG_CXX_LANGUAGE_STANDARD = "gnu++0x";
				CLANG_CXX_LIBRARY = "libc++";
				CLANG_ENABLE_MODULES = YES;
				CLANG_ENABLE_OBJC_ARC = YES;
				CLANG_WARN_BOOL_CONVERSION = YES;
				CLANG_WARN_CONSTANT_CONVERSION = YES;
				CLANG_WARN_DIRECT_OBJC_ISA_USAGE = YES_ERROR;
				CLANG_WARN_DOCUMENTATION_COMMENTS = YES;
				CLANG_WARN_EMPTY_BODY = YES;
				CLANG_WARN_ENUM_CONVERSION = YES;
				CLANG_WARN_INFINITE_RECURSION = YES;
				CLANG_WARN_INT_CONVERSION = YES;
				CLANG_WARN_OBJC_ROOT_CLASS = YES_ERROR;
				CLANG_WARN_SUSPICIOUS_MOVE = YES;
				CLANG_WARN_UNREACHABLE_CODE = YES;
				CLANG_WARN__DUPLICATE_METHOD_MATCH = YES;
				"CODE_SIGN_IDENTITY[sdk=iphoneos*]" = "iPhone Developer";
				COPY_PHASE_STRIP = NO;
				DEBUG_INFORMATION_FORMAT = "dwarf-with-dsym";
				ENABLE_NS_ASSERTIONS = NO;
				ENABLE_STRICT_OBJC_MSGSEND = YES;
				GCC_C_LANGUAGE_STANDARD = gnu99;
				GCC_NO_COMMON_BLOCKS = YES;
				GCC_WARN_64_TO_32_BIT_CONVERSION = YES;
				GCC_WARN_ABOUT_RETURN_TYPE = YES_ERROR;
				GCC_WARN_UNDECLARED_SELECTOR = YES;
				GCC_WARN_UNINITIALIZED_AUTOS = YES_AGGRESSIVE;
				GCC_WARN_UNUSED_FUNCTION = YES;
				GCC_WARN_UNUSED_VARIABLE = YES;
				IPHONEOS_DEPLOYMENT_TARGET = 10.3;
				MTL_ENABLE_DEBUG_INFO = NO;
				SDKROOT = iphoneos;
				SWIFT_OPTIMIZATION_LEVEL = "-Owholemodule";
				TARGETED_DEVICE_FAMILY = "1,2";
				VALIDATE_PRODUCT = YES;
			};
			name = Release;
		};
		633A18F61F11A20100008D5A /* Debug */ = {
			isa = XCBuildConfiguration;
			baseConfigurationReference = C837F97E980DA731D2696752 /* Pods-MyWeb.debug.xcconfig */;
			buildSettings = {
				ASSETCATALOG_COMPILER_APPICON_NAME = AppIcon;
				DEVELOPMENT_TEAM = 3D642QE477;
				INFOPLIST_FILE = MyWeb/Info.plist;
				LD_RUNPATH_SEARCH_PATHS = "$(inherited) @executable_path/Frameworks";
				PRODUCT_BUNDLE_IDENTIFIER = crupco.MyWeb;
				PRODUCT_NAME = "$(TARGET_NAME)";
				SWIFT_VERSION = 3.0;
			};
			name = Debug;
		};
		633A18F71F11A20100008D5A /* Release */ = {
			isa = XCBuildConfiguration;
			baseConfigurationReference = 9E0F4CE2BE720A9CC836E8AE /* Pods-MyWeb.release.xcconfig */;
			buildSettings = {
				ASSETCATALOG_COMPILER_APPICON_NAME = AppIcon;
				DEVELOPMENT_TEAM = 3D642QE477;
				INFOPLIST_FILE = MyWeb/Info.plist;
				LD_RUNPATH_SEARCH_PATHS = "$(inherited) @executable_path/Frameworks";
				PRODUCT_BUNDLE_IDENTIFIER = crupco.MyWeb;
				PRODUCT_NAME = "$(TARGET_NAME)";
				SWIFT_VERSION = 3.0;
			};
			name = Release;
		};
		633A18F91F11A20100008D5A /* Debug */ = {
			isa = XCBuildConfiguration;
			baseConfigurationReference = A1FD5F0FD0EF1A156C29C3AE /* Pods-MyWebTests.debug.xcconfig */;
			buildSettings = {
				ALWAYS_EMBED_SWIFT_STANDARD_LIBRARIES = YES;
				BUNDLE_LOADER = "$(TEST_HOST)";
				DEVELOPMENT_TEAM = 3D642QE477;
				INFOPLIST_FILE = MyWebTests/Info.plist;
				LD_RUNPATH_SEARCH_PATHS = "$(inherited) @executable_path/Frameworks @loader_path/Frameworks";
				PRODUCT_BUNDLE_IDENTIFIER = crupco.MyWebTests;
				PRODUCT_NAME = "$(TARGET_NAME)";
				SWIFT_VERSION = 3.0;
				TEST_HOST = "$(BUILT_PRODUCTS_DIR)/MyWeb.app/MyWeb";
			};
			name = Debug;
		};
		633A18FA1F11A20100008D5A /* Release */ = {
			isa = XCBuildConfiguration;
			baseConfigurationReference = 2143DED66DEC4B1D1CA14457 /* Pods-MyWebTests.release.xcconfig */;
			buildSettings = {
				ALWAYS_EMBED_SWIFT_STANDARD_LIBRARIES = YES;
				BUNDLE_LOADER = "$(TEST_HOST)";
				DEVELOPMENT_TEAM = 3D642QE477;
				INFOPLIST_FILE = MyWebTests/Info.plist;
				LD_RUNPATH_SEARCH_PATHS = "$(inherited) @executable_path/Frameworks @loader_path/Frameworks";
				PRODUCT_BUNDLE_IDENTIFIER = crupco.MyWebTests;
				PRODUCT_NAME = "$(TARGET_NAME)";
				SWIFT_VERSION = 3.0;
				TEST_HOST = "$(BUILT_PRODUCTS_DIR)/MyWeb.app/MyWeb";
			};
			name = Release;
		};
		633A18FC1F11A20100008D5A /* Debug */ = {
			isa = XCBuildConfiguration;
			baseConfigurationReference = 382E6ED3E99491118A3E3988 /* Pods-MyWebUITests.debug.xcconfig */;
			buildSettings = {
				ALWAYS_EMBED_SWIFT_STANDARD_LIBRARIES = YES;
				DEVELOPMENT_TEAM = 3D642QE477;
				INFOPLIST_FILE = MyWebUITests/Info.plist;
				LD_RUNPATH_SEARCH_PATHS = "$(inherited) @executable_path/Frameworks @loader_path/Frameworks";
				PRODUCT_BUNDLE_IDENTIFIER = crupco.MyWebUITests;
				PRODUCT_NAME = "$(TARGET_NAME)";
				SWIFT_VERSION = 3.0;
				TEST_TARGET_NAME = MyWeb;
			};
			name = Debug;
		};
		633A18FD1F11A20100008D5A /* Release */ = {
			isa = XCBuildConfiguration;
			baseConfigurationReference = 73F81DB86FC3A1F32CD73535 /* Pods-MyWebUITests.release.xcconfig */;
			buildSettings = {
				ALWAYS_EMBED_SWIFT_STANDARD_LIBRARIES = YES;
				DEVELOPMENT_TEAM = 3D642QE477;
				INFOPLIST_FILE = MyWebUITests/Info.plist;
				LD_RUNPATH_SEARCH_PATHS = "$(inherited) @executable_path/Frameworks @loader_path/Frameworks";
				PRODUCT_BUNDLE_IDENTIFIER = crupco.MyWebUITests;
				PRODUCT_NAME = "$(TARGET_NAME)";
				SWIFT_VERSION = 3.0;
				TEST_TARGET_NAME = MyWeb;
			};
			name = Release;
		};
/* End XCBuildConfiguration section */

/* Begin XCConfigurationList section */
		633A18C81F11A20100008D5A /* Build configuration list for PBXProject "MyWeb" */ = {
			isa = XCConfigurationList;
			buildConfigurations = (
				633A18F31F11A20100008D5A /* Debug */,
				633A18F41F11A20100008D5A /* Release */,
			);
			defaultConfigurationIsVisible = 0;
			defaultConfigurationName = Release;
		};
		633A18F51F11A20100008D5A /* Build configuration list for PBXNativeTarget "MyWeb" */ = {
			isa = XCConfigurationList;
			buildConfigurations = (
				633A18F61F11A20100008D5A /* Debug */,
				633A18F71F11A20100008D5A /* Release */,
			);
			defaultConfigurationIsVisible = 0;
			defaultConfigurationName = Release;
		};
		633A18F81F11A20100008D5A /* Build configuration list for PBXNativeTarget "MyWebTests" */ = {
			isa = XCConfigurationList;
			buildConfigurations = (
				633A18F91F11A20100008D5A /* Debug */,
				633A18FA1F11A20100008D5A /* Release */,
			);
			defaultConfigurationIsVisible = 0;
			defaultConfigurationName = Release;
		};
		633A18FB1F11A20100008D5A /* Build configuration list for PBXNativeTarget "MyWebUITests" */ = {
			isa = XCConfigurationList;
			buildConfigurations = (
				633A18FC1F11A20100008D5A /* Debug */,
				633A18FD1F11A20100008D5A /* Release */,
			);
			defaultConfigurationIsVisible = 0;
			defaultConfigurationName = Release;
		};
/* End XCConfigurationList section */
	};
	rootObject = 633A18C51F11A20100008D5A /* Project object */;
}
